
Microsoft Visual Studio Solution File, Format Version 12.00
# Visual Studio 15
VisualStudioVersion = 15.0.27428.2005
MinimumVisualStudioVersion = 10.0.40219.1
Project("{FAE04EC0-301F-11D3-BF4B-00C04F79EFBC}") = "CalcEngine", "CalcEngine\CalcEngine.csproj", "{EE53DAD4-D6C8-4C47-9AD4-5B3BA2900DC2}"
EndProject
Project("{FAE04EC0-301F-11D3-BF4B-00C04F79EFBC}") = "CalcEngine.Tests", "..\CalcEngine.Tests\CalcEngine.Tests.csproj", "{19C08169-9E51-41C5-A5B0-4323AC9064C2}"
EndProject
Global
	GlobalSection(SolutionConfigurationPlatforms) = preSolution
		Debug|Any CPU = Debug|Any CPU
		Debug|x86 = Debug|x86
		Release|Any CPU = Release|Any CPU
		Release|x86 = Release|x86
	EndGlobalSection
	GlobalSection(ProjectConfigurationPlatforms) = postSolution
		{EE53DAD4-D6C8-4C47-9AD4-5B3BA2900DC2}.Debug|Any CPU.ActiveCfg = Debug|Any CPU
		{EE53DAD4-D6C8-4C47-9AD4-5B3BA2900DC2}.Debug|Any CPU.Build.0 = Debug|Any CPU
		{EE53DAD4-D6C8-4C47-9AD4-5B3BA2900DC2}.Debug|x86.ActiveCfg = Debug|x86
		{EE53DAD4-D6C8-4C47-9AD4-5B3BA2900DC2}.Debug|x86.Build.0 = Debug|x86
		{EE53DAD4-D6C8-4C47-9AD4-5B3BA2900DC2}.Release|Any CPU.ActiveCfg = Release|x86
		{EE53DAD4-D6C8-4C47-9AD4-5B3BA2900DC2}.Release|x86.ActiveCfg = Release|x86
		{EE53DAD4-D6C8-4C47-9AD4-5B3BA2900DC2}.Release|x86.Build.0 = Release|x86
		{19C08169-9E51-41C5-A5B0-4323AC9064C2}.Debug|Any CPU.ActiveCfg = Debug|Any CPU
		{19C08169-9E51-41C5-A5B0-4323AC9064C2}.Debug|Any CPU.Build.0 = Debug|Any CPU
		{19C08169-9E51-41C5-A5B0-4323AC9064C2}.Debug|x86.ActiveCfg = Debug|x86
		{19C08169-9E51-41C5-A5B0-4323AC9064C2}.Debug|x86.Build.0 = Debug|x86
		{19C08169-9E51-41C5-A5B0-4323AC9064C2}.Release|Any CPU.ActiveCfg = Release|Any CPU
		{19C08169-9E51-41C5-A5B0-4323AC9064C2}.Release|Any CPU.Build.0 = Release|Any CPU
		{19C08169-9E51-41C5-A5B0-4323AC9064C2}.Release|x86.ActiveCfg = Release|Any CPU
		{19C08169-9E51-41C5-A5B0-4323AC9064C2}.Release|x86.Build.0 = Release|Any CPU
	EndGlobalSection
	GlobalSection(SolutionProperties) = preSolution
		HideSolutionNode = FALSE
	EndGlobalSection
	GlobalSection(ExtensibilityGlobals) = postSolution
		SolutionGuid = {A3F04421-F6B5-43AF-98BF-6E4FCEF41A49}
	EndGlobalSection
EndGlobal
